{
  "nodes": {
    "flake-utils": {
      "locked": {
        "lastModified": 1638122382,
        "narHash": "sha256-sQzZzAbvKEqN9s0bzWuYmRaA03v40gaJ4+iL1LXjaeI=",
        "owner": "numtide",
        "repo": "flake-utils",
        "rev": "74f7e4319258e287b0f9cb95426c9853b282730b",
        "type": "github"
      },
      "original": {
        "owner": "numtide",
        "repo": "flake-utils",
        "type": "github"
      }
    },
    "home-manager": {
      "inputs": {
        "nixpkgs": "nixpkgs"
      },
      "locked": {
        "lastModified": 1641459437,
        "narHash": "sha256-z0IOcc6LLbVhyri/aTyWzRqJs3p1pBK9idOiMwCWiqs=",
        "owner": "nix-community",
        "repo": "home-manager",
        "rev": "c751aeb19e84a0a777f36fd5ea73482a066bb406",
        "type": "github"
      },
      "original": {
        "owner": "nix-community",
        "repo": "home-manager",
        "type": "github"
      }
    },
    "nixos-cn": {
      "inputs": {
        "flake-utils": "flake-utils",
        "nixpkgs": [
          "nixpkgs"
        ]
      },
      "locked": {
        "lastModified": 1641607147,
        "narHash": "sha256-M53fZ7Ik20eEgCSV8UwF7F7qXgK+wpmUzKCKpdxk1c0=",
        "owner": "nixos-cn",
        "repo": "flakes",
        "rev": "20048f279ad112fb99e83484b50346c59137689a",
        "type": "github"
      },
      "original": {
        "owner": "nixos-cn",
        "repo": "flakes",
        "type": "github"
      }
    },
    "nixpkgs": {
      "locked": {
        "lastModified": 1641577433,
        "narHash": "sha256-T7lS8vpbC3dgtrkb2ueC9HWaX4RYUwdP7IEttnvKQ8Y=",
        "owner": "NixOS",
        "repo": "nixpkgs",
        "rev": "568e0bc498ee51fdd88e1e94089de05f2fdbd18b",
        "type": "github"
      },
      "original": {
        "id": "nixpkgs",
        "type": "indirect"
      }
    },
    "nixpkgs_2": {
      "locked": {
        "lastModified": 1641528457,
        "narHash": "sha256-FyU9E63n1W7Ql4pMnhW2/rO9OftWZ37pLppn/c1aisY=",
        "owner": "nixos",
        "repo": "nixpkgs",
        "rev": "ff377a78794d412a35245e05428c8f95fef3951f",
        "type": "github"
      },
      "original": {
        "owner": "nixos",
        "ref": "nixos-unstable",
        "repo": "nixpkgs",
        "type": "github"
      }
    },
    "nur": {
      "locked": {
        "lastModified": 1641645925,
        "narHash": "sha256-fT9nNkG97KPMMhXAfQtOG35y8nfMPnDwIeAI2TUSa0I=",
        "owner": "nix-community",
        "repo": "NUR",
        "rev": "238917d0de4175d1349bbbff1246c1ff05cf9a80",
        "type": "github"
      },
      "original": {
        "owner": "nix-community",
        "repo": "NUR",
        "type": "github"
      }
    },
    "root": {
      "inputs": {
        "home-manager": "home-manager",
        "nixos-cn": "nixos-cn",
        "nixpkgs": "nixpkgs_2",
        "nur": "nur"
      }
    }
  },
  "root": "root",
  "version": 7
}
